
Microsoft Visual Studio Solution File, Format Version 12.00
# Visual Studio Version 17
VisualStudioVersion = 17.8.34330.188
MinimumVisualStudioVersion = 10.0.40219.1
Project("{2150E333-8FDC-42A3-9474-1A3956D46DE8}") = "Solution Items", "Solution Items", "{757A458F-1A99-4FCA-8683-DA8C63D13674}"
	ProjectSection(SolutionItems) = preProject
		.editorconfig = .editorconfig
	EndProjectSection
EndProject
Project("{9A19103F-16F7-4668-BE54-9A1E7A4F7556}") = "Chess_Demo", "Chess_Demo\Chess_Demo.csproj", "{E7CD3E05-DD54-4408-9A10-4796E3AD5E46}"
EndProject
Project("{9A19103F-16F7-4668-BE54-9A1E7A4F7556}") = "Tile_Engine", "Engine\Tile_Engine.csproj", "{520305F9-9036-46C9-A7C3-1D50C4483AA9}"
	ProjectSection(ProjectDependencies) = postProject
		{5EC041A0-1EC7-4E61-995C-EBEB1EF734B0} = {5EC041A0-1EC7-4E61-995C-EBEB1EF734B0}
	EndProjectSection
EndProject
Project("{9A19103F-16F7-4668-BE54-9A1E7A4F7556}") = "Renderer", "Renderer\Renderer.csproj", "{5EC041A0-1EC7-4E61-995C-EBEB1EF734B0}"
EndProject
Project("{FAE04EC0-301F-11D3-BF4B-00C04F79EFBC}") = "MonoTileGame", "MonoTileGame\MonoTileGame.csproj", "{C0D4683B-DB36-4614-BDF1-8CE8863A5E5A}"
EndProject
Global
	GlobalSection(SolutionConfigurationPlatforms) = preSolution
		Debug|Any CPU = Debug|Any CPU
		Release|Any CPU = Release|Any CPU
	EndGlobalSection
	GlobalSection(ProjectConfigurationPlatforms) = postSolution
		{E7CD3E05-DD54-4408-9A10-4796E3AD5E46}.Debug|Any CPU.ActiveCfg = Debug|Any CPU
		{E7CD3E05-DD54-4408-9A10-4796E3AD5E46}.Debug|Any CPU.Build.0 = Debug|Any CPU
		{E7CD3E05-DD54-4408-9A10-4796E3AD5E46}.Release|Any CPU.ActiveCfg = Release|Any CPU
		{E7CD3E05-DD54-4408-9A10-4796E3AD5E46}.Release|Any CPU.Build.0 = Release|Any CPU
		{520305F9-9036-46C9-A7C3-1D50C4483AA9}.Debug|Any CPU.ActiveCfg = Debug|Any CPU
		{520305F9-9036-46C9-A7C3-1D50C4483AA9}.Debug|Any CPU.Build.0 = Debug|Any CPU
		{520305F9-9036-46C9-A7C3-1D50C4483AA9}.Release|Any CPU.ActiveCfg = Release|Any CPU
		{520305F9-9036-46C9-A7C3-1D50C4483AA9}.Release|Any CPU.Build.0 = Release|Any CPU
		{5EC041A0-1EC7-4E61-995C-EBEB1EF734B0}.Debug|Any CPU.ActiveCfg = Debug|Any CPU
		{5EC041A0-1EC7-4E61-995C-EBEB1EF734B0}.Debug|Any CPU.Build.0 = Debug|Any CPU
		{5EC041A0-1EC7-4E61-995C-EBEB1EF734B0}.Release|Any CPU.ActiveCfg = Release|Any CPU
		{5EC041A0-1EC7-4E61-995C-EBEB1EF734B0}.Release|Any CPU.Build.0 = Release|Any CPU
		{C0D4683B-DB36-4614-BDF1-8CE8863A5E5A}.Debug|Any CPU.ActiveCfg = Debug|Any CPU
		{C0D4683B-DB36-4614-BDF1-8CE8863A5E5A}.Debug|Any CPU.Build.0 = Debug|Any CPU
		{C0D4683B-DB36-4614-BDF1-8CE8863A5E5A}.Release|Any CPU.ActiveCfg = Release|Any CPU
		{C0D4683B-DB36-4614-BDF1-8CE8863A5E5A}.Release|Any CPU.Build.0 = Release|Any CPU
	EndGlobalSection
	GlobalSection(SolutionProperties) = preSolution
		HideSolutionNode = FALSE
	EndGlobalSection
	GlobalSection(NestedProjects) = preSolution
		{C0D4683B-DB36-4614-BDF1-8CE8863A5E5A} = {757A458F-1A99-4FCA-8683-DA8C63D13674}
	EndGlobalSection
	GlobalSection(ExtensibilityGlobals) = postSolution
		SolutionGuid = {2A3735A3-4155-48CD-A9D2-779E4DB5C7E6}
	EndGlobalSection
EndGlobal
